
Microsoft Visual Studio Solution File, Format Version 12.00
# Visual Studio 15
VisualStudioVersion = 15.0.28010.2050
MinimumVisualStudioVersion = 10.0.40219.1
Project("{FAE04EC0-301F-11D3-BF4B-00C04F79EFBC}") = "9.2 Modul Watch a folder", "9.2 Modul Watch a folder\9.2 Modul Watch a folder.csproj", "{365C58C9-2767-4BF1-BF81-F49D48DDD375}"
EndProject
Global
	GlobalSection(SolutionConfigurationPlatforms) = preSolution
		Debug|Any CPU = Debug|Any CPU
		Release|Any CPU = Release|Any CPU
	EndGlobalSection
	GlobalSection(ProjectConfigurationPlatforms) = postSolution
		{365C58C9-2767-4BF1-BF81-F49D48DDD375}.Debug|Any CPU.ActiveCfg = Debug|Any CPU
		{365C58C9-2767-4BF1-BF81-F49D48DDD375}.Debug|Any CPU.Build.0 = Debug|Any CPU
		{365C58C9-2767-4BF1-BF81-F49D48DDD375}.Release|Any CPU.ActiveCfg = Release|Any CPU
		{365C58C9-2767-4BF1-BF81-F49D48DDD375}.Release|Any CPU.Build.0 = Release|Any CPU
	EndGlobalSection
	GlobalSection(SolutionProperties) = preSolution
		HideSolutionNode = FALSE
	EndGlobalSection
	GlobalSection(ExtensibilityGlobals) = postSolution
		SolutionGuid = {9C8B0E86-ADCF-421F-AF16-61B996EDD117}
	EndGlobalSection
EndGlobal
