
Microsoft Visual Studio Solution File, Format Version 12.00
# Visual Studio 15
VisualStudioVersion = 15.0.28010.2050
MinimumVisualStudioVersion = 10.0.40219.1
Project("{FAE04EC0-301F-11D3-BF4B-00C04F79EFBC}") = "Module3.6.4", "Module3.6.4\Module3.6.4.csproj", "{74425847-9B0D-488C-BCB3-91FF1D0AB0B0}"
EndProject
Global
	GlobalSection(SolutionConfigurationPlatforms) = preSolution
		Debug|Any CPU = Debug|Any CPU
		Release|Any CPU = Release|Any CPU
	EndGlobalSection
	GlobalSection(ProjectConfigurationPlatforms) = postSolution
		{74425847-9B0D-488C-BCB3-91FF1D0AB0B0}.Debug|Any CPU.ActiveCfg = Debug|Any CPU
		{74425847-9B0D-488C-BCB3-91FF1D0AB0B0}.Debug|Any CPU.Build.0 = Debug|Any CPU
		{74425847-9B0D-488C-BCB3-91FF1D0AB0B0}.Release|Any CPU.ActiveCfg = Release|Any CPU
		{74425847-9B0D-488C-BCB3-91FF1D0AB0B0}.Release|Any CPU.Build.0 = Release|Any CPU
	EndGlobalSection
	GlobalSection(SolutionProperties) = preSolution
		HideSolutionNode = FALSE
	EndGlobalSection
	GlobalSection(ExtensibilityGlobals) = postSolution
		SolutionGuid = {FED5BD26-32E5-478D-AEBE-C24E9874F458}
	EndGlobalSection
EndGlobal
