
Microsoft Visual Studio Solution File, Format Version 12.00
# Visual Studio 15
VisualStudioVersion = 15.0.28010.2050
MinimumVisualStudioVersion = 10.0.40219.1
Project("{FAE04EC0-301F-11D3-BF4B-00C04F79EFBC}") = "Module 11.2 list of Customers", "Module 11.2 list of Customers\Module 11.2 list of Customers.csproj", "{B471F2FB-ABA4-491F-8935-C7E7371F6EC1}"
EndProject
Global
	GlobalSection(SolutionConfigurationPlatforms) = preSolution
		Debug|Any CPU = Debug|Any CPU
		Release|Any CPU = Release|Any CPU
	EndGlobalSection
	GlobalSection(ProjectConfigurationPlatforms) = postSolution
		{B471F2FB-ABA4-491F-8935-C7E7371F6EC1}.Debug|Any CPU.ActiveCfg = Debug|Any CPU
		{B471F2FB-ABA4-491F-8935-C7E7371F6EC1}.Debug|Any CPU.Build.0 = Debug|Any CPU
		{B471F2FB-ABA4-491F-8935-C7E7371F6EC1}.Release|Any CPU.ActiveCfg = Release|Any CPU
		{B471F2FB-ABA4-491F-8935-C7E7371F6EC1}.Release|Any CPU.Build.0 = Release|Any CPU
	EndGlobalSection
	GlobalSection(SolutionProperties) = preSolution
		HideSolutionNode = FALSE
	EndGlobalSection
	GlobalSection(ExtensibilityGlobals) = postSolution
		SolutionGuid = {CB2E8CCE-A312-4918-A434-D85BD78F3F2D}
	EndGlobalSection
EndGlobal
