
Microsoft Visual Studio Solution File, Format Version 12.00
# Visual Studio 15
VisualStudioVersion = 15.0.28010.2048
MinimumVisualStudioVersion = 10.0.40219.1
Project("{FAE04EC0-301F-11D3-BF4B-00C04F79EFBC}") = "Accessor", "Accessor\Accessor.csproj", "{0B47F7E9-5874-4B97-B950-A128E5804659}"
EndProject
Global
	GlobalSection(SolutionConfigurationPlatforms) = preSolution
		Debug|Any CPU = Debug|Any CPU
		Release|Any CPU = Release|Any CPU
	EndGlobalSection
	GlobalSection(ProjectConfigurationPlatforms) = postSolution
		{0B47F7E9-5874-4B97-B950-A128E5804659}.Debug|Any CPU.ActiveCfg = Debug|Any CPU
		{0B47F7E9-5874-4B97-B950-A128E5804659}.Debug|Any CPU.Build.0 = Debug|Any CPU
		{0B47F7E9-5874-4B97-B950-A128E5804659}.Release|Any CPU.ActiveCfg = Release|Any CPU
		{0B47F7E9-5874-4B97-B950-A128E5804659}.Release|Any CPU.Build.0 = Release|Any CPU
	EndGlobalSection
	GlobalSection(SolutionProperties) = preSolution
		HideSolutionNode = FALSE
	EndGlobalSection
	GlobalSection(ExtensibilityGlobals) = postSolution
		SolutionGuid = {67F7D6B6-EA34-400E-8DDE-DB47F7640A5C}
	EndGlobalSection
EndGlobal
