
Microsoft Visual Studio Solution File, Format Version 12.00
# Visual Studio 15
VisualStudioVersion = 15.0.28010.2050
MinimumVisualStudioVersion = 10.0.40219.1
Project("{FAE04EC0-301F-11D3-BF4B-00C04F79EFBC}") = "10.4Module Manipulerad lista", "10.4Module Manipulerad lista\10.4Module Manipulerad lista.csproj", "{8BFAC099-46BE-497D-9C70-0335576D512B}"
EndProject
Global
	GlobalSection(SolutionConfigurationPlatforms) = preSolution
		Debug|Any CPU = Debug|Any CPU
		Release|Any CPU = Release|Any CPU
	EndGlobalSection
	GlobalSection(ProjectConfigurationPlatforms) = postSolution
		{8BFAC099-46BE-497D-9C70-0335576D512B}.Debug|Any CPU.ActiveCfg = Debug|Any CPU
		{8BFAC099-46BE-497D-9C70-0335576D512B}.Debug|Any CPU.Build.0 = Debug|Any CPU
		{8BFAC099-46BE-497D-9C70-0335576D512B}.Release|Any CPU.ActiveCfg = Release|Any CPU
		{8BFAC099-46BE-497D-9C70-0335576D512B}.Release|Any CPU.Build.0 = Release|Any CPU
	EndGlobalSection
	GlobalSection(SolutionProperties) = preSolution
		HideSolutionNode = FALSE
	EndGlobalSection
	GlobalSection(ExtensibilityGlobals) = postSolution
		SolutionGuid = {32D11CFC-D9C7-4246-9824-C57FA885DD63}
	EndGlobalSection
EndGlobal
