
Microsoft Visual Studio Solution File, Format Version 12.00
# Visual Studio 15
VisualStudioVersion = 15.0.28010.2050
MinimumVisualStudioVersion = 10.0.40219.1
Project("{FAE04EC0-301F-11D3-BF4B-00C04F79EFBC}") = "Module.4.1", "Module.4.1\Module.4.1.csproj", "{8BBEF681-66F2-4D54-BFB7-ACB5F86287A3}"
EndProject
Global
	GlobalSection(SolutionConfigurationPlatforms) = preSolution
		Debug|Any CPU = Debug|Any CPU
		Release|Any CPU = Release|Any CPU
	EndGlobalSection
	GlobalSection(ProjectConfigurationPlatforms) = postSolution
		{8BBEF681-66F2-4D54-BFB7-ACB5F86287A3}.Debug|Any CPU.ActiveCfg = Debug|Any CPU
		{8BBEF681-66F2-4D54-BFB7-ACB5F86287A3}.Debug|Any CPU.Build.0 = Debug|Any CPU
		{8BBEF681-66F2-4D54-BFB7-ACB5F86287A3}.Release|Any CPU.ActiveCfg = Release|Any CPU
		{8BBEF681-66F2-4D54-BFB7-ACB5F86287A3}.Release|Any CPU.Build.0 = Release|Any CPU
	EndGlobalSection
	GlobalSection(SolutionProperties) = preSolution
		HideSolutionNode = FALSE
	EndGlobalSection
	GlobalSection(ExtensibilityGlobals) = postSolution
		SolutionGuid = {FFA674E4-F3FE-4D02-BE2D-C5CFAB2543AE}
	EndGlobalSection
EndGlobal
